// !$*UTF8*$!
{
	archiveVersion = 1;
	classes = {
	};
	objectVersion = 46;
	objects = {

/* Begin PBXBuildFile section */
		AE83A80D1EDEB55600A4028F /* AppDelegate.swift in Sources */ = {isa = PBXBuildFile; fileRef = AE83A80C1EDEB55600A4028F /* AppDelegate.swift */; };
		AE83A8121EDEB55600A4028F /* Main.storyboard in Resources */ = {isa = PBXBuildFile; fileRef = AE83A8101EDEB55600A4028F /* Main.storyboard */; };
		AE83A8141EDEB55600A4028F /* Assets.xcassets in Resources */ = {isa = PBXBuildFile; fileRef = AE83A8131EDEB55600A4028F /* Assets.xcassets */; };
		AE83A8171EDEB55600A4028F /* LaunchScreen.storyboard in Resources */ = {isa = PBXBuildFile; fileRef = AE83A8151EDEB55600A4028F /* LaunchScreen.storyboard */; };
		AEC2CD231EE120EC0029BB93 /* AddingNumbers.storyboard in Resources */ = {isa = PBXBuildFile; fileRef = AEC2CD221EE120EC0029BB93 /* AddingNumbers.storyboard */; };
		AEC2CD251EE1210B0029BB93 /* AddingNumbersViewController.swift in Sources */ = {isa = PBXBuildFile; fileRef = AEC2CD241EE1210B0029BB93 /* AddingNumbersViewController.swift */; };
		AEC2CD281EE12B7A0029BB93 /* ViewController.swift in Sources */ = {isa = PBXBuildFile; fileRef = AEC2CD271EE12B7A0029BB93 /* ViewController.swift */; };
		AEC6FA4F1EFA48D0009FEC1F /* GeolocationViewController.swift in Sources */ = {isa = PBXBuildFile; fileRef = AEC6FA4E1EFA48D0009FEC1F /* GeolocationViewController.swift */; };
		AEC6FA511EFA48E0009FEC1F /* Geolocation.storyboard in Resources */ = {isa = PBXBuildFile; fileRef = AEC6FA501EFA48E0009FEC1F /* Geolocation.storyboard */; };
		AEC6FA541EFA4FAE009FEC1F /* GeolocationService.swift in Sources */ = {isa = PBXBuildFile; fileRef = AEC6FA531EFA4FAE009FEC1F /* GeolocationService.swift */; };
		AEC6FA5B1EFA597F009FEC1F /* CLLocationManager+Rx.swift in Sources */ = {isa = PBXBuildFile; fileRef = AEC6FA591EFA597F009FEC1F /* CLLocationManager+Rx.swift */; };
		AEC6FA5C1EFA597F009FEC1F /* RxCLLocationManagerDelegateProxy.swift in Sources */ = {isa = PBXBuildFile; fileRef = AEC6FA5A1EFA597F009FEC1F /* RxCLLocationManagerDelegateProxy.swift */; };
		AEC6FA601EFA5A5E009FEC1F /* RootViewController.swift in Sources */ = {isa = PBXBuildFile; fileRef = AEC6FA5F1EFA5A5E009FEC1F /* RootViewController.swift */; };
		AEC8DFCE1EE55D6A00E3FE52 /* SimpleValidation.storyboard in Resources */ = {isa = PBXBuildFile; fileRef = AEC8DFCD1EE55D6A00E3FE52 /* SimpleValidation.storyboard */; };
		AEC8DFD11EE55DB700E3FE52 /* SimpleValidationViewController.swift in Sources */ = {isa = PBXBuildFile; fileRef = AEC8DFD01EE55DB700E3FE52 /* SimpleValidationViewController.swift */; };
		D0BF88E9CB66BAC311CAF531 /* Pods_RxSwiftExamples.framework in Frameworks */ = {isa = PBXBuildFile; fileRef = 4355FE872FB176F3EF1E3422 /* Pods_RxSwiftExamples.framework */; };
/* End PBXBuildFile section */

/* Begin PBXFileReference section */
		4355FE872FB176F3EF1E3422 /* Pods_RxSwiftExamples.framework */ = {isa = PBXFileReference; explicitFileType = wrapper.framework; includeInIndex = 0; path = Pods_RxSwiftExamples.framework; sourceTree = BUILT_PRODUCTS_DIR; };
		AE83A8091EDEB55600A4028F /* RxSwiftExamples.app */ = {isa = PBXFileReference; explicitFileType = wrapper.application; includeInIndex = 0; path = RxSwiftExamples.app; sourceTree = BUILT_PRODUCTS_DIR; };
		AE83A80C1EDEB55600A4028F /* AppDelegate.swift */ = {isa = PBXFileReference; lastKnownFileType = sourcecode.swift; path = AppDelegate.swift; sourceTree = "<group>"; };
		AE83A8111EDEB55600A4028F /* Base */ = {isa = PBXFileReference; lastKnownFileType = file.storyboard; name = Base; path = Base.lproj/Main.storyboard; sourceTree = "<group>"; };
		AE83A8131EDEB55600A4028F /* Assets.xcassets */ = {isa = PBXFileReference; lastKnownFileType = folder.assetcatalog; path = Assets.xcassets; sourceTree = "<group>"; };
		AE83A8161EDEB55600A4028F /* Base */ = {isa = PBXFileReference; lastKnownFileType = file.storyboard; name = Base; path = Base.lproj/LaunchScreen.storyboard; sourceTree = "<group>"; };
		AE83A8181EDEB55600A4028F /* Info.plist */ = {isa = PBXFileReference; lastKnownFileType = text.plist.xml; path = Info.plist; sourceTree = "<group>"; };
		AEC2CD221EE120EC0029BB93 /* AddingNumbers.storyboard */ = {isa = PBXFileReference; fileEncoding = 4; lastKnownFileType = file.storyboard; path = AddingNumbers.storyboard; sourceTree = "<group>"; };
		AEC2CD241EE1210B0029BB93 /* AddingNumbersViewController.swift */ = {isa = PBXFileReference; fileEncoding = 4; lastKnownFileType = sourcecode.swift; path = AddingNumbersViewController.swift; sourceTree = "<group>"; };
		AEC2CD271EE12B7A0029BB93 /* ViewController.swift */ = {isa = PBXFileReference; fileEncoding = 4; lastKnownFileType = sourcecode.swift; path = ViewController.swift; sourceTree = "<group>"; };
		AEC6FA4E1EFA48D0009FEC1F /* GeolocationViewController.swift */ = {isa = PBXFileReference; fileEncoding = 4; lastKnownFileType = sourcecode.swift; path = GeolocationViewController.swift; sourceTree = "<group>"; };
		AEC6FA501EFA48E0009FEC1F /* Geolocation.storyboard */ = {isa = PBXFileReference; fileEncoding = 4; lastKnownFileType = file.storyboard; path = Geolocation.storyboard; sourceTree = "<group>"; };
		AEC6FA531EFA4FAE009FEC1F /* GeolocationService.swift */ = {isa = PBXFileReference; fileEncoding = 4; lastKnownFileType = sourcecode.swift; path = GeolocationService.swift; sourceTree = "<group>"; };
		AEC6FA591EFA597F009FEC1F /* CLLocationManager+Rx.swift */ = {isa = PBXFileReference; fileEncoding = 4; lastKnownFileType = sourcecode.swift; path = "CLLocationManager+Rx.swift"; sourceTree = "<group>"; };
		AEC6FA5A1EFA597F009FEC1F /* RxCLLocationManagerDelegateProxy.swift */ = {isa = PBXFileReference; fileEncoding = 4; lastKnownFileType = sourcecode.swift; path = RxCLLocationManagerDelegateProxy.swift; sourceTree = "<group>"; };
		AEC6FA5F1EFA5A5E009FEC1F /* RootViewController.swift */ = {isa = PBXFileReference; fileEncoding = 4; lastKnownFileType = sourcecode.swift; path = RootViewController.swift; sourceTree = "<group>"; };
		AEC8DFCD1EE55D6A00E3FE52 /* SimpleValidation.storyboard */ = {isa = PBXFileReference; fileEncoding = 4; lastKnownFileType = file.storyboard; path = SimpleValidation.storyboard; sourceTree = "<group>"; };
		AEC8DFD01EE55DB700E3FE52 /* SimpleValidationViewController.swift */ = {isa = PBXFileReference; fileEncoding = 4; lastKnownFileType = sourcecode.swift; path = SimpleValidationViewController.swift; sourceTree = "<group>"; };
		B7738C5FD89662CB76102830 /* Pods-RxSwiftExamples.release.xcconfig */ = {isa = PBXFileReference; includeInIndex = 1; lastKnownFileType = text.xcconfig; name = "Pods-RxSwiftExamples.release.xcconfig"; path = "Pods/Target Support Files/Pods-RxSwiftExamples/Pods-RxSwiftExamples.release.xcconfig"; sourceTree = "<group>"; };
		EE755500695846257F5463AF /* Pods-RxSwiftExamples.debug.xcconfig */ = {isa = PBXFileReference; includeInIndex = 1; lastKnownFileType = text.xcconfig; name = "Pods-RxSwiftExamples.debug.xcconfig"; path = "Pods/Target Support Files/Pods-RxSwiftExamples/Pods-RxSwiftExamples.debug.xcconfig"; sourceTree = "<group>"; };
/* End PBXFileReference section */

/* Begin PBXFrameworksBuildPhase section */
		AE83A8061EDEB55600A4028F /* Frameworks */ = {
			isa = PBXFrameworksBuildPhase;
			buildActionMask = 2147483647;
			files = (
				D0BF88E9CB66BAC311CAF531 /* Pods_RxSwiftExamples.framework in Frameworks */,
			);
			runOnlyForDeploymentPostprocessing = 0;
		};
/* End PBXFrameworksBuildPhase section */

/* Begin PBXGroup section */
		20C5652CC3B749596C5CDCBA /* Pods */ = {
			isa = PBXGroup;
			children = (
				EE755500695846257F5463AF /* Pods-RxSwiftExamples.debug.xcconfig */,
				B7738C5FD89662CB76102830 /* Pods-RxSwiftExamples.release.xcconfig */,
			);
			name = Pods;
			sourceTree = "<group>";
		};
		AE83A8001EDEB55600A4028F = {
			isa = PBXGroup;
			children = (
				BD90466BD64C64C72A7017A6 /* Frameworks */,
				20C5652CC3B749596C5CDCBA /* Pods */,
				AE83A80A1EDEB55600A4028F /* Products */,
				AE83A80B1EDEB55600A4028F /* RxSwiftExamples */,
			);
			sourceTree = "<group>";
		};
		AE83A80A1EDEB55600A4028F /* Products */ = {
			isa = PBXGroup;
			children = (
				AE83A8091EDEB55600A4028F /* RxSwiftExamples.app */,
			);
			name = Products;
			sourceTree = "<group>";
		};
		AE83A80B1EDEB55600A4028F /* RxSwiftExamples */ = {
			isa = PBXGroup;
			children = (
				AEC2CD211EE120680029BB93 /* Adding Numbers */,
				AEC6FA561EFA5880009FEC1F /* Extensions */,
				AEC6FA4D1EFA4886009FEC1F /* Geolocation */,
				AEC6FA521EFA4F7B009FEC1F /* Services */,
				AEC8DFCF1EE55D7C00E3FE52 /* SimpleValidation */,
				AEC6FA5D1EFA5A02009FEC1F /* Supporting Files */,
				AEC6FA5E1EFA5A1D009FEC1F /* iOS */,
				AE83A8131EDEB55600A4028F /* Assets.xcassets */,
			);
			path = RxSwiftExamples;
			sourceTree = "<group>";
		};
		AEC2CD211EE120680029BB93 /* Adding Numbers */ = {
			isa = PBXGroup;
			children = (
				AEC2CD221EE120EC0029BB93 /* AddingNumbers.storyboard */,
				AEC2CD241EE1210B0029BB93 /* AddingNumbersViewController.swift */,
			);
			path = "Adding Numbers";
			sourceTree = "<group>";
		};
		AEC6FA4D1EFA4886009FEC1F /* Geolocation */ = {
			isa = PBXGroup;
			children = (
				AEC6FA501EFA48E0009FEC1F /* Geolocation.storyboard */,
				AEC6FA4E1EFA48D0009FEC1F /* GeolocationViewController.swift */,
			);
			name = Geolocation;
			path = Geolocation;
			sourceTree = "<group>";
		};
		AEC6FA521EFA4F7B009FEC1F /* Services */ = {
			isa = PBXGroup;
			children = (
				AEC6FA531EFA4FAE009FEC1F /* GeolocationService.swift */,
			);
			name = Services;
			path = Services;
			sourceTree = "<group>";
		};
		AEC6FA561EFA5880009FEC1F /* Extensions */ = {
			isa = PBXGroup;
			children = (
				AEC6FA591EFA597F009FEC1F /* CLLocationManager+Rx.swift */,
				AEC6FA5A1EFA597F009FEC1F /* RxCLLocationManagerDelegateProxy.swift */,
			);
			name = Extensions;
			path = Extensions;
			sourceTree = "<group>";
		};
		AEC6FA5D1EFA5A02009FEC1F /* Supporting Files */ = {
			isa = PBXGroup;
			children = (
				AE83A8181EDEB55600A4028F /* Info.plist */,
			);
			name = "Supporting Files";
			path = "Supporting Files";
			sourceTree = "<group>";
		};
		AEC6FA5E1EFA5A1D009FEC1F /* iOS */ = {
			isa = PBXGroup;
			children = (
				AE83A80C1EDEB55600A4028F /* AppDelegate.swift */,
				AE83A8151EDEB55600A4028F /* LaunchScreen.storyboard */,
				AE83A8101EDEB55600A4028F /* Main.storyboard */,
				AEC6FA5F1EFA5A5E009FEC1F /* RootViewController.swift */,
				AEC2CD271EE12B7A0029BB93 /* ViewController.swift */,
			);
			name = iOS;
			path = iOS;
			sourceTree = "<group>";
		};
		AEC8DFCF1EE55D7C00E3FE52 /* SimpleValidation */ = {
			isa = PBXGroup;
			children = (
				AEC8DFCD1EE55D6A00E3FE52 /* SimpleValidation.storyboard */,
				AEC8DFD01EE55DB700E3FE52 /* SimpleValidationViewController.swift */,
			);
			name = SimpleValidation;
			path = SimpleValidation;
			sourceTree = "<group>";
		};
		BD90466BD64C64C72A7017A6 /* Frameworks */ = {
			isa = PBXGroup;
			children = (
				4355FE872FB176F3EF1E3422 /* Pods_RxSwiftExamples.framework */,
			);
			name = Frameworks;
			sourceTree = "<group>";
		};
/* End PBXGroup section */

/* Begin PBXNativeTarget section */
		AE83A8081EDEB55600A4028F /* RxSwiftExamples */ = {
			isa = PBXNativeTarget;
			buildConfigurationList = AE83A81B1EDEB55600A4028F /* Build configuration list for PBXNativeTarget "RxSwiftExamples" */;
			buildPhases = (
				3ADC73B91B97C722D2C66A74 /* [CP] Check Pods Manifest.lock */,
				AE83A8051EDEB55600A4028F /* Sources */,
				AE83A8061EDEB55600A4028F /* Frameworks */,
				AE83A8071EDEB55600A4028F /* Resources */,
				351151ADD733C9D523324831 /* [CP] Embed Pods Frameworks */,
				0C66DCE2C274D5773304AEC1 /* [CP] Copy Pods Resources */,
			);
			buildRules = (
			);
			dependencies = (
			);
			name = RxSwiftExamples;
			productName = RxSwiftExamples;
			productReference = AE83A8091EDEB55600A4028F /* RxSwiftExamples.app */;
			productType = "com.apple.product-type.application";
		};
/* End PBXNativeTarget section */

/* Begin PBXProject section */
		AE83A8011EDEB55600A4028F /* Project object */ = {
			isa = PBXProject;
			attributes = {
				LastSwiftUpdateCheck = 0830;
				LastUpgradeCheck = 0830;
				ORGANIZATIONNAME = "Tsubasa Hayashi";
				TargetAttributes = {
					AE83A8081EDEB55600A4028F = {
						CreatedOnToolsVersion = 8.3.2;
						ProvisioningStyle = Automatic;
					};
				};
			};
			buildConfigurationList = AE83A8041EDEB55600A4028F /* Build configuration list for PBXProject "RxSwiftExamples" */;
			compatibilityVersion = "Xcode 3.2";
			developmentRegion = English;
			hasScannedForEncodings = 0;
			knownRegions = (
				en,
				Base,
			);
			mainGroup = AE83A8001EDEB55600A4028F;
			productRefGroup = AE83A80A1EDEB55600A4028F /* Products */;
			projectDirPath = "";
			projectRoot = "";
			targets = (
				AE83A8081EDEB55600A4028F /* RxSwiftExamples */,
			);
		};
/* End PBXProject section */

/* Begin PBXResourcesBuildPhase section */
		AE83A8071EDEB55600A4028F /* Resources */ = {
			isa = PBXResourcesBuildPhase;
			buildActionMask = 2147483647;
			files = (
				AE83A8171EDEB55600A4028F /* LaunchScreen.storyboard in Resources */,
				AEC6FA511EFA48E0009FEC1F /* Geolocation.storyboard in Resources */,
				AEC8DFCE1EE55D6A00E3FE52 /* SimpleValidation.storyboard in Resources */,
				AE83A8141EDEB55600A4028F /* Assets.xcassets in Resources */,
				AEC2CD231EE120EC0029BB93 /* AddingNumbers.storyboard in Resources */,
				AE83A8121EDEB55600A4028F /* Main.storyboard in Resources */,
			);
			runOnlyForDeploymentPostprocessing = 0;
		};
/* End PBXResourcesBuildPhase section */

/* Begin PBXShellScriptBuildPhase section */
		0C66DCE2C274D5773304AEC1 /* [CP] Copy Pods Resources */ = {
			isa = PBXShellScriptBuildPhase;
			buildActionMask = 2147483647;
			files = (
			);
			inputPaths = (
			);
			name = "[CP] Copy Pods Resources";
			outputPaths = (
			);
			runOnlyForDeploymentPostprocessing = 0;
			shellPath = /bin/sh;
			shellScript = "\"${SRCROOT}/Pods/Target Support Files/Pods-RxSwiftExamples/Pods-RxSwiftExamples-resources.sh\"\n";
			showEnvVarsInLog = 0;
		};
		351151ADD733C9D523324831 /* [CP] Embed Pods Frameworks */ = {
			isa = PBXShellScriptBuildPhase;
			buildActionMask = 2147483647;
			files = (
			);
			inputPaths = (
			);
			name = "[CP] Embed Pods Frameworks";
			outputPaths = (
			);
			runOnlyForDeploymentPostprocessing = 0;
			shellPath = /bin/sh;
			shellScript = "\"${SRCROOT}/Pods/Target Support Files/Pods-RxSwiftExamples/Pods-RxSwiftExamples-frameworks.sh\"\n";
			showEnvVarsInLog = 0;
		};
		3ADC73B91B97C722D2C66A74 /* [CP] Check Pods Manifest.lock */ = {
			isa = PBXShellScriptBuildPhase;
			buildActionMask = 2147483647;
			files = (
			);
			inputPaths = (
			);
			name = "[CP] Check Pods Manifest.lock";
			outputPaths = (
			);
			runOnlyForDeploymentPostprocessing = 0;
			shellPath = /bin/sh;
			shellScript = "diff \"${PODS_PODFILE_DIR_PATH}/Podfile.lock\" \"${PODS_ROOT}/Manifest.lock\" > /dev/null\nif [ $? != 0 ] ; then\n    # print error to STDERR\n    echo \"error: The sandbox is not in sync with the Podfile.lock. Run 'pod install' or update your CocoaPods installation.\" >&2\n    exit 1\nfi\n";
			showEnvVarsInLog = 0;
		};
/* End PBXShellScriptBuildPhase section */

/* Begin PBXSourcesBuildPhase section */
		AE83A8051EDEB55600A4028F /* Sources */ = {
			isa = PBXSourcesBuildPhase;
			buildActionMask = 2147483647;
			files = (
				AEC6FA541EFA4FAE009FEC1F /* GeolocationService.swift in Sources */,
				AEC6FA4F1EFA48D0009FEC1F /* GeolocationViewController.swift in Sources */,
				AEC6FA601EFA5A5E009FEC1F /* RootViewController.swift in Sources */,
				AEC6FA5B1EFA597F009FEC1F /* CLLocationManager+Rx.swift in Sources */,
				AEC6FA5C1EFA597F009FEC1F /* RxCLLocationManagerDelegateProxy.swift in Sources */,
				AEC2CD281EE12B7A0029BB93 /* ViewController.swift in Sources */,
				AEC2CD251EE1210B0029BB93 /* AddingNumbersViewController.swift in Sources */,
				AE83A80D1EDEB55600A4028F /* AppDelegate.swift in Sources */,
				AEC8DFD11EE55DB700E3FE52 /* SimpleValidationViewController.swift in Sources */,
			);
			runOnlyForDeploymentPostprocessing = 0;
		};
/* End PBXSourcesBuildPhase section */

/* Begin PBXVariantGroup section */
		AE83A8101EDEB55600A4028F /* Main.storyboard */ = {
			isa = PBXVariantGroup;
			children = (
				AE83A8111EDEB55600A4028F /* Base */,
			);
			name = Main.storyboard;
			path = .;
			sourceTree = "<group>";
		};
		AE83A8151EDEB55600A4028F /* LaunchScreen.storyboard */ = {
			isa = PBXVariantGroup;
			children = (
				AE83A8161EDEB55600A4028F /* Base */,
			);
			name = LaunchScreen.storyboard;
			path = .;
			sourceTree = "<group>";
		};
/* End PBXVariantGroup section */

/* Begin XCBuildConfiguration section */
		AE83A8191EDEB55600A4028F /* Debug */ = {
			isa = XCBuildConfiguration;
			buildSettings = {
				ALWAYS_SEARCH_USER_PATHS = NO;
				CLANG_ANALYZER_NONNULL = YES;
				CLANG_ANALYZER_NUMBER_OBJECT_CONVERSION = YES_AGGRESSIVE;
				CLANG_CXX_LANGUAGE_STANDARD = "gnu++0x";
				CLANG_CXX_LIBRARY = "libc++";
				CLANG_ENABLE_MODULES = YES;
				CLANG_ENABLE_OBJC_ARC = YES;
				CLANG_WARN_BOOL_CONVERSION = YES;
				CLANG_WARN_CONSTANT_CONVERSION = YES;
				CLANG_WARN_DIRECT_OBJC_ISA_USAGE = YES_ERROR;
				CLANG_WARN_DOCUMENTATION_COMMENTS = YES;
				CLANG_WARN_EMPTY_BODY = YES;
				CLANG_WARN_ENUM_CONVERSION = YES;
				CLANG_WARN_INFINITE_RECURSION = YES;
				CLANG_WARN_INT_CONVERSION = YES;
				CLANG_WARN_OBJC_ROOT_CLASS = YES_ERROR;
				CLANG_WARN_SUSPICIOUS_MOVE = YES;
				CLANG_WARN_UNREACHABLE_CODE = YES;
				CLANG_WARN__DUPLICATE_METHOD_MATCH = YES;
				"CODE_SIGN_IDENTITY[sdk=iphoneos*]" = "iPhone Developer";
				COPY_PHASE_STRIP = NO;
				DEBUG_INFORMATION_FORMAT = dwarf;
				ENABLE_STRICT_OBJC_MSGSEND = YES;
				ENABLE_TESTABILITY = YES;
				GCC_C_LANGUAGE_STANDARD = gnu99;
				GCC_DYNAMIC_NO_PIC = NO;
				GCC_NO_COMMON_BLOCKS = YES;
				GCC_OPTIMIZATION_LEVEL = 0;
				GCC_PREPROCESSOR_DEFINITIONS = (
					"DEBUG=1",
					"$(inherited)",
				);
				GCC_WARN_64_TO_32_BIT_CONVERSION = YES;
				GCC_WARN_ABOUT_RETURN_TYPE = YES_ERROR;
				GCC_WARN_UNDECLARED_SELECTOR = YES;
				GCC_WARN_UNINITIALIZED_AUTOS = YES_AGGRESSIVE;
				GCC_WARN_UNUSED_FUNCTION = YES;
				GCC_WARN_UNUSED_VARIABLE = YES;
				IPHONEOS_DEPLOYMENT_TARGET = 10.3;
				MTL_ENABLE_DEBUG_INFO = YES;
				ONLY_ACTIVE_ARCH = YES;
				SDKROOT = iphoneos;
				SWIFT_ACTIVE_COMPILATION_CONDITIONS = DEBUG;
				SWIFT_OPTIMIZATION_LEVEL = "-Onone";
				TARGETED_DEVICE_FAMILY = "1,2";
			};
			name = Debug;
		};
		AE83A81A1EDEB55600A4028F /* Release */ = {
			isa = XCBuildConfiguration;
			buildSettings = {
				ALWAYS_SEARCH_USER_PATHS = NO;
				CLANG_ANALYZER_NONNULL = YES;
				CLANG_ANALYZER_NUMBER_OBJECT_CONVERSION = YES_AGGRESSIVE;
				CLANG_CXX_LANGUAGE_STANDARD = "gnu++0x";
				CLANG_CXX_LIBRARY = "libc++";
				CLANG_ENABLE_MODULES = YES;
				CLANG_ENABLE_OBJC_ARC = YES;
				CLANG_WARN_BOOL_CONVERSION = YES;
				CLANG_WARN_CONSTANT_CONVERSION = YES;
				CLANG_WARN_DIRECT_OBJC_ISA_USAGE = YES_ERROR;
				CLANG_WARN_DOCUMENTATION_COMMENTS = YES;
				CLANG_WARN_EMPTY_BODY = YES;
				CLANG_WARN_ENUM_CONVERSION = YES;
				CLANG_WARN_INFINITE_RECURSION = YES;
				CLANG_WARN_INT_CONVERSION = YES;
				CLANG_WARN_OBJC_ROOT_CLASS = YES_ERROR;
				CLANG_WARN_SUSPICIOUS_MOVE = YES;
				CLANG_WARN_UNREACHABLE_CODE = YES;
				CLANG_WARN__DUPLICATE_METHOD_MATCH = YES;
				"CODE_SIGN_IDENTITY[sdk=iphoneos*]" = "iPhone Developer";
				COPY_PHASE_STRIP = NO;
				DEBUG_INFORMATION_FORMAT = "dwarf-with-dsym";
				ENABLE_NS_ASSERTIONS = NO;
				ENABLE_STRICT_OBJC_MSGSEND = YES;
				GCC_C_LANGUAGE_STANDARD = gnu99;
				GCC_NO_COMMON_BLOCKS = YES;
				GCC_WARN_64_TO_32_BIT_CONVERSION = YES;
				GCC_WARN_ABOUT_RETURN_TYPE = YES_ERROR;
				GCC_WARN_UNDECLARED_SELECTOR = YES;
				GCC_WARN_UNINITIALIZED_AUTOS = YES_AGGRESSIVE;
				GCC_WARN_UNUSED_FUNCTION = YES;
				GCC_WARN_UNUSED_VARIABLE = YES;
				IPHONEOS_DEPLOYMENT_TARGET = 10.3;
				MTL_ENABLE_DEBUG_INFO = NO;
				SDKROOT = iphoneos;
				SWIFT_OPTIMIZATION_LEVEL = "-Owholemodule";
				TARGETED_DEVICE_FAMILY = "1,2";
				VALIDATE_PRODUCT = YES;
			};
			name = Release;
		};
		AE83A81C1EDEB55600A4028F /* Debug */ = {
			isa = XCBuildConfiguration;
			baseConfigurationReference = EE755500695846257F5463AF /* Pods-RxSwiftExamples.debug.xcconfig */;
			buildSettings = {
				ASSETCATALOG_COMPILER_APPICON_NAME = AppIcon;
				INFOPLIST_FILE = "RxSwiftExamples/Supporting Files/Info.plist";
				LD_RUNPATH_SEARCH_PATHS = "$(inherited) @executable_path/Frameworks";
				PRODUCT_BUNDLE_IDENTIFIER = com.yokurin.RxSwiftExamples;
				PRODUCT_NAME = "$(TARGET_NAME)";
				SWIFT_VERSION = 3.0;
			};
			name = Debug;
		};
		AE83A81D1EDEB55600A4028F /* Release */ = {
			isa = XCBuildConfiguration;
			baseConfigurationReference = B7738C5FD89662CB76102830 /* Pods-RxSwiftExamples.release.xcconfig */;
			buildSettings = {
				ASSETCATALOG_COMPILER_APPICON_NAME = AppIcon;
				INFOPLIST_FILE = "RxSwiftExamples/Supporting Files/Info.plist";
				LD_RUNPATH_SEARCH_PATHS = "$(inherited) @executable_path/Frameworks";
				PRODUCT_BUNDLE_IDENTIFIER = com.yokurin.RxSwiftExamples;
				PRODUCT_NAME = "$(TARGET_NAME)";
				SWIFT_VERSION = 3.0;
			};
			name = Release;
		};
/* End XCBuildConfiguration section */

/* Begin XCConfigurationList section */
		AE83A8041EDEB55600A4028F /* Build configuration list for PBXProject "RxSwiftExamples" */ = {
			isa = XCConfigurationList;
			buildConfigurations = (
				AE83A8191EDEB55600A4028F /* Debug */,
				AE83A81A1EDEB55600A4028F /* Release */,
			);
			defaultConfigurationIsVisible = 0;
			defaultConfigurationName = Release;
		};
		AE83A81B1EDEB55600A4028F /* Build configuration list for PBXNativeTarget "RxSwiftExamples" */ = {
			isa = XCConfigurationList;
			buildConfigurations = (
				AE83A81C1EDEB55600A4028F /* Debug */,
				AE83A81D1EDEB55600A4028F /* Release */,
			);
			defaultConfigurationIsVisible = 0;
			defaultConfigurationName = Release;
		};
/* End XCConfigurationList section */
	};
	rootObject = AE83A8011EDEB55600A4028F /* Project object */;
}
